
Microsoft Visual Studio Solution File, Format Version 12.00
# Visual Studio 14
VisualStudioVersion = 14.0.25420.1
MinimumVisualStudioVersion = 10.0.40219.1
Project("{FAE04EC0-301F-11D3-BF4B-00C04F79EFBC}") = "ChinesePostMan", "ChinesePostMan\ChinesePostMan.csproj", "{FDC2195B-524C-454F-9AD9-445716F52516}"
EndProject
Global
	GlobalSection(SolutionConfigurationPlatforms) = preSolution
		Debug|Any CPU = Debug|Any CPU
		Release|Any CPU = Release|Any CPU
	EndGlobalSection
	GlobalSection(ProjectConfigurationPlatforms) = postSolution
		{FDC2195B-524C-454F-9AD9-445716F52516}.Debug|Any CPU.ActiveCfg = Debug|Any CPU
		{FDC2195B-524C-454F-9AD9-445716F52516}.Debug|Any CPU.Build.0 = Debug|Any CPU
		{FDC2195B-524C-454F-9AD9-445716F52516}.Release|Any CPU.ActiveCfg = Release|Any CPU
		{FDC2195B-524C-454F-9AD9-445716F52516}.Release|Any CPU.Build.0 = Release|Any CPU
	EndGlobalSection
	GlobalSection(SolutionProperties) = preSolution
		HideSolutionNode = FALSE
	EndGlobalSection
EndGlobal
